attrs==26.1.0 \
    --hash=sha256:c647aa4a12dfbad9333ca4e71fe62ddc36f4e63b2d260a37a8b83d2f043ac309 \
    --hash=sha256:d03ceb89cb322a8fd706d4fb91940737b6642aa36998fe130a9bc96c985eff32
biscuit-python==0.4.0 \
    --hash=sha256:025ec3a3267cf514472f7da07df3e46a5b53350747362fff001a0badc19f3381 \
    --hash=sha256:03cac46b087a7eba0a0f43e220f8697f5b8cc9ce2285d7437e55d0c4efdcc84b \
    --hash=sha256:076687560f99f53fd541f30a6afc5fd5e1faf91959bc0527df7e374cbabdab63 \
    --hash=sha256:096b5dab321ca579b49b39fe11b6ca9e57fb5ed4f934b1f3a78c87958fc989b2 \
    --hash=sha256:0abda009b6d7249eca8c53da1003d3c894ecbe063a93d44a48be733fc6a484c0 \
    --hash=sha256:0d9d6b90a46f5fad61416de514234509ea683abdefe007d175f938a21d281475 \
    --hash=sha256:141a1ea600403b39bd5725a392ff09ce1806838cce9590a5ba346c00de82069a \
    --hash=sha256:153cf05a2622db6e5c7a67301b7a2f1ccc2dfddcd9cd10aeac8e6eff6bc65b46 \
    --hash=sha256:16b2ea8aad03899549ea5135aebe82edab46a423b3e5309355a488716ab35729 \
    --hash=sha256:195266c46a2156c9660a4eee39fd46cafcf0bc32ecd4e9c953393f6cde01150f \
    --hash=sha256:1a397c613ef4111f5b114dd60d0f35cd7b11c4ea0f944bfd08d915612daaf6ed \
    --hash=sha256:2140021af44766cdeaf7700b03de41b931ad574bdbbc8b37a40521cb96b6350f \
    --hash=sha256:224ba3e523876d930572e1f1575305ddeea80543c8a5485b68c3218921db48f5 \
    --hash=sha256:2278d79baaf9f16fc784e9eec10267af600863a43a81f6361ec9423188728f78 \
    --hash=sha256:2516d1e416b8f125906f55d68f971d1c1b6f3c59623ebb219ac2dfe952e8ba03 \
    --hash=sha256:29a929da1407655fbe649183a08ff018026dcd1c3512a4f0548935b3a43a2c08 \
    --hash=sha256:29cf4bae59cecec3223285fbe1fc68c775cf6401f5d5b75f53c4aedcba1f58e6 \
    --hash=sha256:29e932854034eb4ebb6619ef64580c54868c6bdb8a17503a130a68ce0a07c876 \
    --hash=sha256:2af8c6faf30f347674e327bb7cf60f4889bc0d3c9e7eabec620f466c77009a5f \
    --hash=sha256:2c66ff75a467e2177d495af6c8a7c149a6e70c9f6f469b480618987b1db261d3 \
    --hash=sha256:31e115aef3a0a5e304e268d87fdd46c93707e02fad3fdea3d979e1d913f1849c \
    --hash=sha256:396ee2806465b01dbf5a4458e760ad1caa0587547f2919a5d3e53022c28b0a83 \
    --hash=sha256:3a35c9c420ea6a9eac7ed230aa2041643c0a81226a237756cb1944239bb4ba24 \
    --hash=sha256:3a892fb8d3f27d0416361eb2b36a4a75ff6630bd5ff9a001d899dcc6268af90d \
    --hash=sha256:3ce2bfe9d83682400d4c02a032fb3c2683c9919217b6928fd3b8840b480621af \
    --hash=sha256:3d01b6bc8dde417566a263718d101ba25ecc6a19875b044629733a37d3e1f5c2 \
    --hash=sha256:3d9c6b00b34384168d420f30b016b327de438eea2233434ee90e6c3ead56fd4e \
    --hash=sha256:3dbcad528570d596a7104082629056c2daccecf9bf99ffd64b4c0aff01deb5a6 \
    --hash=sha256:3e9160ed89c53a8777ab76d4cf4244f883749e57bb7d68d93ab2f9c07f5079c5 \
    --hash=sha256:497637a20b064df1ae34914595c678ba9f5a4c0f6b2fff5da289dac5ad7d4907 \
    --hash=sha256:4b769d88159a503c27b2db1cc981079ce0a327bb6bb365cc31705df16f61d66a \
    --hash=sha256:4c3f1f4820a7cfbe3de55abce6dab62ad4d474f2680d139f2e5d561f89faa0b3 \
    --hash=sha256:4f2a046486d44ee1a40082c89c22002dd98bcbafb84d95e6dbc56f0fedeff9e0 \
    --hash=sha256:50494e9ac01a29f298eb39a815b7951239ed48060abea43d50a41f6a7452f2e7 \
    --hash=sha256:50fe05d24a601e8e7452a16a3688cd4714d299df5a069926c18ad655ef8e16bc \
    --hash=sha256:54aaf94bd3c33e84df0c711175731aac299ee309347d3e9eb7abe16af241ec12 \
    --hash=sha256:5534de4fad8c49d7d8614d0bf3c0b7614be9a428be7820abd827c26547350dae \
    --hash=sha256:5a4f2a720da02a18b13ad5bb701ef71749a011ce2f519e5bc1edd492e02849d8 \
    --hash=sha256:60c5f7c75f88198781e7254f9441c71981df02626017b112215ebc886972e739 \
    --hash=sha256:6220bdc9fc4796608fbac41a5fda2927d5e7220f5fd68ba97b93e5e512925087 \
    --hash=sha256:682756b0ee9f1cd6c564b505d0be9d47c434027947195a9bcd48193041ccaa58 \
    --hash=sha256:6d7a97da83c47605033c49f9e6145f785fdbac0a5c5d6d1814212f895de315db \
    --hash=sha256:6e3e6e62f966f7580ff3b21cd2911fcbe415c213ce07da86f6ff7caf3be05ce4 \
    --hash=sha256:718f84ad6c8a5307b565f3d676a8aa14c9dda7a1195365e98717a851d0630d34 \
    --hash=sha256:71c458a43f17e00aeafc6274dfecc7985730f0eabd4a7ef4c8d8da22d6d2f1d8 \
    --hash=sha256:74eaab46c714209fe479945544c6145cdcd8c6213918a94681695d0f06976a93 \
    --hash=sha256:7557f8f282eded15957f5053e5a503dd4bc5324f2823d14cdc3c27e39ba2d23e \
    --hash=sha256:765f0779b6a7088426ad8ba0d5689c02c23d4eaadc3bd50e7a877b9136ad33a9 \
    --hash=sha256:76c602b56600c6522f7212e7beae97356e7382d88137c1b79ac73a6548cd6b4d \
    --hash=sha256:76f75e2ed1c0fe36e32505afd1a1f374cf669d72ac0dcc2bfb465983567f4221 \
    --hash=sha256:788a5585acd9bc328e4e29bc51dd5dbe44548cace2cf6c62d2cc1e3908f5043f \
    --hash=sha256:79a9b8afd536f26772964cb99d3c822a92c587ff24ef4c7019f4a2541fa43f27 \
    --hash=sha256:7ed52bb83554e2c77d283923f4e6d9948096c03f2fdcbd41f1abdc4067c4cb27 \
    --hash=sha256:867ff2f488aec02bb2adb64e81cab161dd99a0c44bcde3f0e23da5254e90d8f3 \
    --hash=sha256:878212094d3274e9169b8e4b627291dc1f746514ff7f2a8d579428eee7f00e77 \
    --hash=sha256:8c4720e0e647f3abd316bb010068cabd41bfa9ec5a6e90459ac5edbf390adf92 \
    --hash=sha256:8d14011d25175d382ed5e590698ccae1e232220841721c4bc2e726454e570a61 \
    --hash=sha256:8f6e24684bc1c7ebb4a37698161fea66b17be64030f0a02388bf7207ff12fd22 \
    --hash=sha256:8fe79e7408b1e56b266bd7cdd457fb94798999ff8e816845005c1a1b12f05e93 \
    --hash=sha256:905cba2a1d8e72f73186f871aed74770f5897db9ce9412f0c80173c42378b0b9 \
    --hash=sha256:90600b8dcf27fc0d2b68a76761d37be3cacef015e0155e6e544217c6c0403362 \
    --hash=sha256:9116288e232d7d19ce1ee5bae7d7b540dc8586625494a6c545e637b4daec0d56 \
    --hash=sha256:965ebf44e9630e5b586fbc30c34c703258822d072271cfaa7a5852d052108fc6 \
    --hash=sha256:967d60abd92b2db6c175e1cfd75a432d770cbe9200b907560efc5067bb05c1bc \
    --hash=sha256:9f5ec05e3adcb84efbbee1137678c7a9c72185b125fb7df912dfa8a9e2fdca21 \
    --hash=sha256:a0d55b3c705f3f0972ab4b67cb2c1c5086f314b570f0d945e9defec58ec3ce86 \
    --hash=sha256:a1121d17ee1406c6d07365483b0128263c416bc225103421c416b8680fa09a17 \
    --hash=sha256:a5677b31f6a1d99daa3f8cdd7643a89604197c5d9827914fc48540c22ad91385 \
    --hash=sha256:a5ae60ecd108ff79999a3ad8e72b898afdde1d8fa76acdf66c73ea0442031674 \
    --hash=sha256:a63bc414d30d154de44889f4084e35b3db6f211bf73bdbe422c9c75b7f7676ad \
    --hash=sha256:a9096a111518f97e181ce94fb0f7d8f6225731574c120451670bfc60f61c20c7 \
    --hash=sha256:abe3ef892cee2c757d1428d927fd44aa41503c27e53a55acbf9e71719631723e \
    --hash=sha256:b08f2182943b82839b6ad0704bfd3d9d4d5ffa31c1bb631322069b0e9df4de7d \
    --hash=sha256:b8e9c53c799ffb5f75dbef2752a87c30a75df9b761f25f31c84416d97cbf3fbe \
    --hash=sha256:b90c3c3e62bef0ecf718819bf9b1610c5589056ca5a4e2a2aa60a09c23cbcd76 \
    --hash=sha256:b990f93e68b07dad9561f2c6235dfc6919963cd94da3a2637ad5c488a648b042 \
    --hash=sha256:ba36875bf52e81fb3aec0ce890f1955e8ad292f807d23c1a21fa1079488c2c48 \
    --hash=sha256:ba5f194552e2711a3d79abc853eb67fe5ba7c1a8e4ad155d94c26d0b3328de09 \
    --hash=sha256:bb6514248f51ad79eb804deacb4305f1e51f0bdd048bf2f970a5f9af1057a519 \
    --hash=sha256:be842fd88f2543f3b702c49c1e526ba9d46003d1ff7c4661a5576911c84feea0 \
    --hash=sha256:beee79038a299afddde46a43d64e889504d34b1811f79f4530d62896639d231e \
    --hash=sha256:c38b6e7e08867ec11dbcff5fa963fc3e1edc264621e1866b5a0172111d2f7624 \
    --hash=sha256:c72f869619ed5162725c93b4802d41a14960b2d41db80c7df0baad0fc5f057e9 \
    --hash=sha256:c7f9b7032fc89371a761153aa34273a2e6f4908043fadf964fcda558f0af2033 \
    --hash=sha256:c93bf05ad85b778697f6424e6eec0b49ed9c08e1672fb7e5cfc5e5847b944760 \
    --hash=sha256:cc795eb456c563dc3641fdf56c2d01703dc4f5f7d99ce2bf9e94bdf68c8675db \
    --hash=sha256:ced2c94b7c03e3c47c6d0395fa38940fdc4ae7fc597394c65a7f31d9ea684279 \
    --hash=sha256:cff357e0e629a9acaf31e5a4fbd0ccbec20d30fada7806221cfb32b76590109d \
    --hash=sha256:d065f0a295432b21ce9a9313f4fccac702536c8ca16c539faad8ad25a830d841 \
    --hash=sha256:d0ebed406ed6eee86624decda223c8f224518b8164984225c199a677567337a1 \
    --hash=sha256:d24bfcfa303098d9e69164e5394345a32b221e416e7ce6cd8b700a695c0c6196 \
    --hash=sha256:d4e4298ca3e8caaa7f5eb2ef3ffa3b8159641e64a20b5a4ed9b7542e5a286e6f \
    --hash=sha256:d64656b602ae4549a3db322bdc0c36ba8b8099df1902ba9ba3d1efe7c9313c5b \
    --hash=sha256:d6a5789ca2444d05751b7efcf2ac44e0a83e5496493a4cd068092c6613ca28c4 \
    --hash=sha256:d8387c6126f82b5dd37270f0c031e869fabaf03bbf7f4e2382b298eb8f81db18 \
    --hash=sha256:dae9b42ee64bd00a7ab785242da4249ec6d2d91f711bea08eb2b98119aee3ef4 \
    --hash=sha256:dcff66f2feeba4b85607e7a1b8fd51f0d6fd2b30965c52fb79a93aa5c97a3d3b \
    --hash=sha256:dd8a012ff384e750e312cd8f9d4d9b4654a4f0c9fff40e42e4a7ddbead3b5ce9 \
    --hash=sha256:df84d3b625577318f4ef8b92f77457f48cbacc6afc59c5e14584cdce91de7d8a \
    --hash=sha256:dfa221f6668fce2b932369fafb56ae13fec61453e8d01bccd83e396ceae9f6db \
    --hash=sha256:e07390f2035910264e1c0494d229904c5d23cc0a1ed931fbf84efc06929fb706 \
    --hash=sha256:e106bcfddc3ae35aff43f384a270b3a5e1aea82bee0678e7f74fc621f1a488e5 \
    --hash=sha256:e4097e2999c148624b3dcbe899aae68ba423a332592b7662dcb3630b15f9ed47 \
    --hash=sha256:e45ddbd4e292f722bd784dd269f7b26c141ec145afc672cb48833e267cc5795e \
    --hash=sha256:e58701eb0f05c650b10eadd6215ff2d0f8f47b025df63bf59d4680035ec6e3e5 \
    --hash=sha256:e63e285eebf1e84cc9e475f9236e9f41a1dc9069e01764f006b161b9ad162190 \
    --hash=sha256:e665136b76ada3c711fa2bb2eeeb40a4c589c8142bd9f320e234e839c44a36cf \
    --hash=sha256:e69701ea83c0d3d8ff4a6539227cb128589fca570121a0ef23159ee0cc243852 \
    --hash=sha256:eacdde49067cf51f963e92b52b2c98b72c9fa6b03e43d59d7eec601c4c3cb181 \
    --hash=sha256:eeb0e03700a04225c8c3e599193bb61675574ebd0d65f69347d816c93830a837 \
    --hash=sha256:f11b2c3f66d3faab7fcf9783988fcab18e30985ddb5d7a749429f5e035f78e73 \
    --hash=sha256:f2ebf217e815d918045eefbd64ed5627ededa0ef6c61042692e8f645c5558e24 \
    --hash=sha256:f699fd42621b26fb00e8b4ba2a613b6911c2c4eb1e6b996cde6ac6219b7e33ee \
    --hash=sha256:facc6b6f8c4040d1e356a2695e667b5d772e93b06f7c944421bbd0cc0912866e \
    --hash=sha256:fb24f90013d1456bd01654325d9fdef7ca02524ed75bbe631b753cb3b15de117
cffi==2.1.1 \
    --hash=sha256:046bfc24911b37851ee1b51aab8bffe713d89c68c6a057b09484ce9fd5f69b4e \
    --hash=sha256:06c72bb76605a4b0cd0aad6930b69d4baf7dd5d806cfc409b824191099700e66 \
    --hash=sha256:0beceaabe56af686895136a2de78db54ecd8e4046b236b8fd6d6cb61389e9bf2 \
    --hash=sha256:154852545011f779917b11c78db2358d095da62a9a172b78ad0a583ee5adc0d0 \
    --hash=sha256:194cffa889098ced9976c3fc6340305e43f6303657d298da55366907c05c22d6 \
    --hash=sha256:19ee6127ee34de7d83ce3d371ebc5ed91addbdcc39f9ab15ce4eb35a4e534971 \
    --hash=sha256:1a18a57b58cfb21fc28d72e876acf10eaed67a1ed96226f92af4df681d571c4c \
    --hash=sha256:1aa5645c30469b09530c4ebca77ebf8f17618293c58f8549cb1a543a50236e7d \
    --hash=sha256:1dea0e4d7d4f11f619fe8c1d76caf49e24405b4b5743c0e3be16a500ecd930c9 \
    --hash=sha256:208f941bb9d18e768138677f0a6d2ce01f590df56043dda1df1535ac57c88517 \
    --hash=sha256:210019b6c7cf07f081b4c54635c8cf744377001350e29cc0f81c4377b4797735 \
    --hash=sha256:246fa40ce8645a614ff682e0b70f37134e460eaf93a775e0cbe3cca585a67a80 \
    --hash=sha256:25792eac27877609e7bb06d42ff88278a6624fff2ba9bbb523c09616b117e80f \
    --hash=sha256:27350daa11d4f10c540e6e89dada4c54feb7256ad03e9a4dc075ebad7ba360d1 \
    --hash=sha256:28907ab9bfb6aa13184cfc17c6b8e1023c5ab6fd7076d8c20a35e59fe04f8f29 \
    --hash=sha256:2ae64be792b8966f2c69538199728b290e34726562896df1e5dc8ffd8d8188e8 \
    --hash=sha256:31348097ff5bbe827ccc41795d4dd099d9f0625e7def00ee653c137a490c2a6c \
    --hash=sha256:3143d81e29e1e20a9ce10901ec369012947876596f75a222235965f2b7ae832e \
    --hash=sha256:3222ba5d678f80a030e6afbcc33dc1ae5cb45facabb61cee2c7016b8432fde48 \
    --hash=sha256:3311ed60d36f83378794e1009ac6258bafbf81f7888b4caa7b35a521e3f95813 \
    --hash=sha256:334644fbac4eff73d985a17a91226df55d0f394160c4cfb880e084c8f7161cac \
    --hash=sha256:34e261f78cb6ceaaa36f42f2613f4380d94d9c759a9c73c769ee6e0247364632 \
    --hash=sha256:363e05fa78e15116c3c32c210ee36884fd6b9afa6d440e47112c3bd511d64cb6 \
    --hash=sha256:398aff33cee2767e3e781d2554c54bd0dff386bb437581e0d8011fde1a942ec1 \
    --hash=sha256:3d22a20b1fb1632cc72c22f95f7b0d2961c3e1c235f245ba4c606c4771035659 \
    --hash=sha256:42a494cee34437f05546455144f2b5d9ac09b1face62bcfce597d2e521066688 \
    --hash=sha256:42e2f76b9455f5a9a844f770bf3e200ed3da0e15f5df3db9c31fe80b04b3d004 \
    --hash=sha256:42f6930c31dc7f50732c9ae793c2786c7b6b044195967bbdde40bb9be81c4cc0 \
    --hash=sha256:456a61fa52d579ebf9df2e9552ead5129855dbaff6c1e5a9b1bc408809bdc062 \
    --hash=sha256:471cee653ae88de62096552e6d24ccb4a5adb8c8c9f10b5054d0122c15bf2779 \
    --hash=sha256:49cbc70e6542d4ccccb936558d1064a8012541e78f821f955cff24e357776c94 \
    --hash=sha256:4a7c934f7360e8cd64fe9efadcbd10c7c6364f531e432b9a4bf5ccbc9e0e8b50 \
    --hash=sha256:4be96343e422f2dfcd12ab5c9f5aebe03f82f737c6bffeca6830b3875cb44aab \
    --hash=sha256:4f42141fc14250de6dde5ee7ea4432be017252d91f19c5ad043c084cea629cac \
    --hash=sha256:507a24c282e0f42f8ed737cf048572cbf580468da5555764a8331735e9c736b6 \
    --hash=sha256:51b31d1c98274844cfd7838ce00bfc27c7423a4dc00fc0772fc3331c2cc90676 \
    --hash=sha256:58acb8ab8e295e6c5ea12f888cbb13cf21511ef2a3303a23f4325c29d17fe5c1 \
    --hash=sha256:5a59cc1c4442bc3d5c703bf720b51138d0bfc173618807c9ee2490a7541dd3d9 \
    --hash=sha256:5bb4e7ea95dcd6a014a6fef62e62467d67d8e582326443f3d68e71d6320a9fcf \
    --hash=sha256:5c58fe613dc5e5336357eff555824a314d8e43282600435c8d1cb6a7a2fedd13 \
    --hash=sha256:5e7cecbaadb83884793e05828cee59b210b24583b9c7425d0ba6a754fe22eb4e \
    --hash=sha256:616f097f2fe415bc92a247f02e11f634e1f9e9a83d327e3c915c15089c87869e \
    --hash=sha256:63bbfd5ded17c4840ac07cd8f1c21ba9d9708141f840b324f422f41b207e3973 \
    --hash=sha256:64faea20f4e2613363a1a9b9c7dd73058f3ecd00133a511e72ad7c511658f527 \
    --hash=sha256:661c298b4821edebead0c91edd2b00374d67ad7c5a1f7a91d4442633b79d6a72 \
    --hash=sha256:68e62fe11f30d5ca8289242866f0a5291402d8529ca2178ab8afc5c9694ae890 \
    --hash=sha256:6a8dddef476fab96d066d578fc88526767b836ab5ab21754e1d5bf3879c31c7c \
    --hash=sha256:6e192623c49c94421616a5778fba35cf0d5a8d000650c1967ef4448ee5cdd990 \
    --hash=sha256:7225e4514edb64eb6740324353e0da0711954fd8d7da4576755b1c6e09b697cd \
    --hash=sha256:75f80557d1389eddbd0de2681f6a390a0c5338c31ddaa821381c203fc3fd50d9 \
    --hash=sha256:770de9db11e84213beec501cfcaa013b019820ca881e03344dea5844f7876d94 \
    --hash=sha256:7750c6449dff7864bb9bb27ddfb0267756189201a3afc911d82b3caacd70dfc3 \
    --hash=sha256:7bde5e4cc5c10140859842b9d383af292b22639a4dffb725314baf45968cef80 \
    --hash=sha256:7ce713ace7c0e4520535b42b77eaa742c16dab813978064913e5a3cf82973b41 \
    --hash=sha256:7da0c5eff80f0197f3b3d1232ec5a682a9325f4ae9016a78f5f5ca35f9ced1f5 \
    --hash=sha256:7dbb61fe3a7699468030f71bbe5f8a0e326a151daa91beb11a6fc1f980c55e1c \
    --hash=sha256:811bd1e21d32de12efca32393a0ab3f5133b54fce9bd44b8bd77ab07da14bf6a \
    --hash=sha256:8ef53b2de9bcb9197d31854256575d59dbac0cba72ac627bb291ef5eceb74be4 \
    --hash=sha256:937c0052c05a31ca1daf18de3158eed4dbfcb9cc107adbea227728d647be701e \
    --hash=sha256:9d2055050ea716bd38b7f7f1579c275386646b4894c155a3e2f3cd62ed41b7c6 \
    --hash=sha256:9f8d177621de5cb38ee3e731eda45d421db093ec0739f46a5594babda7987a98 \
    --hash=sha256:a2d7755bef5a12ed488f4ef1f1b69ee9191d7396083b755a5d2295f6edb4768b \
    --hash=sha256:a48d62ab9d6f4f98c983223a547af44be6ca3691074c31cecced6facd3ba2dc1 \
    --hash=sha256:a4f00aa42f75d6e4595e8866e748cc1705adc0cddfeb2ca86d0d03993d63ba03 \
    --hash=sha256:a6e721d4b0e45d5b65e87534470e67b18dcd092c83f68fba09f152b9cbc061af \
    --hash=sha256:a730a083190634c65cca36ba5f489531576ebd79bcd5c8e172130f6453127231 \
    --hash=sha256:a931079504ecc49efed7744c476a5c343a92fabf66dec2db95edb1b2fdc770e2 \
    --hash=sha256:aa9511c62d14da7aacc9b4bf51f3f697a621e83b2d6919008243c3aad168eea3 \
    --hash=sha256:ab36d55f9ed2d067327667c2fea18dda018eb628dd6347aa01dda6cf1f5d3836 \
    --hash=sha256:ad2c86c495b899d862ea0f4b42891b8713a3bd45dd4105c7fd51c2a72f39f3a5 \
    --hash=sha256:aeae0e330c9f6acd681f647d46cefd30c29f93e3392882e792e82080c9691399 \
    --hash=sha256:b0431303acaea1089ad4b3e9ce4e6518193def1118d4073ca848635ee4ea2e96 \
    --hash=sha256:b5bdfd1c873d4e093aabc0ca84c4ca6dbc4f752afb5c86f146d9742580c9da2e \
    --hash=sha256:baed1e86cc735622097354b9d1281406caf42ff42a886d29faa8e8d1630333be \
    --hash=sha256:c1453022f490d2459a11819d83ad1d586e9ff65a12ac3e705ffebd46d3685dcf \
    --hash=sha256:c26608d2222fb1e94487e4a387d85f13eb55d5ed725cb25a0c589ac4ee60e7bc \
    --hash=sha256:c7659f22557c5a0bc4855cd635f55edec690cc008a40768527762cb9fb263455 \
    --hash=sha256:c8c69575568085ba0b1b10c0249d779a214aea6f6522e949a0fc9fb0fcb449d0 \
    --hash=sha256:c8d2c9fd1f2d16f780d15127abb050d13d1a76c03a4bd87d7e4980e45e511e12 \
    --hash=sha256:ca82be1a1d406ecfe1d25dc16cb33488e5a16bf4438c9fb590484ea29d92478b \
    --hash=sha256:cc572dace3f60ef98d7b12ff411d20f5362feb31a0439eab0085bbfd349982d7 \
    --hash=sha256:d18e5ac0f2f03f4f518d3e23db0f0cad7faa1da8620e9c09461d443bbf6e6692 \
    --hash=sha256:d28630f5854ab07ab1fd4aba756de52326c82e6be15d414b12793f1975048b54 \
    --hash=sha256:d9c275eaacd24aa73f94ffd6de08fc3f932424d8b6c376f4bed7cde376fe7bc3 \
    --hash=sha256:da0e573f9f97159390c89d9f1a9e41908b66d408cc5b58d08cf3847d844c531b \
    --hash=sha256:dd31f52ea1086513bb9df30f8fcee9b8918323ae067a3d5b78bc826a000712be \
    --hash=sha256:dddad92b554513a31f272570678ba307fb9f618f05e3d4a5eacafff9eae03e1d \
    --hash=sha256:df423d40ee8654634421812bc3b196da3f9bd7d32929da813f8394c4348a5358 \
    --hash=sha256:df913725b79db7bcf03448f36b7bf8815363417d5b58deecf9305e3e30f0f21a \
    --hash=sha256:e0bcb7e0f677f543555d2adff3bf19c05f66cdb4796e5ff602442ab2fe3c4ef7 \
    --hash=sha256:e2d65b31f36619cda3999b78b2aa9632e76b78448e7a56fc4240824200e7c4fc \
    --hash=sha256:e6e8cff14d6fb0be70a09c0bdc58096f501952d04624ebf867e0e56da2df8960 \
    --hash=sha256:f16c709686a78c727bbbf059f92b0bf41c6fc60deec706d2dc19f529175a6125 \
    --hash=sha256:f24fb43132a4c6b4cb4eb029492919b2db645be6808d738f244fd146c03c32cb \
    --hash=sha256:f53e442b08449d42821fa4a4fba000095af9f62742a500f978a9f557ec44339a \
    --hash=sha256:f5cfbc5fe74540d335175b656c725d74d90e3730c626d92575eea35029d9afaa \
    --hash=sha256:f81b3b8f3d4e343550fa4baa0e479bba9f2d29ce9c2e9b51d1ce1718d7442fcf \
    --hash=sha256:f8ec5e643a9a937f64e1999eb9f75d072263751912dc5cd06d3c85f8f44be7c3 \
    --hash=sha256:fb92203a88b3d3053034db775110081c49d28be6551923805e039924093761e4 \
    --hash=sha256:fcd22650c908d7b7da162bbfaab594a1227a15d1643a98c68b122ac642fa2264
cryptography==50.0.0 \
    --hash=sha256:031e2d5dd4bb9caa3ca9c82e5a197fd8ae680232cee62603d1a813f3f07e3d03 \
    --hash=sha256:06a32a980526a6ab9a4b9bf8f7385800791e2bb960903cb6b530e4817509a3b7 \
    --hash=sha256:07479a1cb08219ab719147e742e76090c9c773321959bb94946fffdd397a6437 \
    --hash=sha256:07949c449a1abcf60d1ee6e88956d89404c7df3c8258f46589e912988e551987 \
    --hash=sha256:105110f43a471dbd0060b9c9516cb8a6a79233631a04cc2ba16f28323ac6e025 \
    --hash=sha256:11b74db56cdbe3cdee6e3f6982ecb70334fa10dce99ed58bf7894aaaa3b2a037 \
    --hash=sha256:12b9c6996425c76ea6c457ace4f3073e715b8c545add07cd1a8f3a4f90691269 \
    --hash=sha256:1489e263a8048bb8b6a8bac662eb2d402ea5d2b7b4699b72f385f1e2772db105 \
    --hash=sha256:19736989797678c6af1e55cd49055cdbcb55d8f6b5583ac5335f933aba9101dc \
    --hash=sha256:1b4a266766514614f8aa60416e71f2fc6e575d36e7bdc90f644fadb2f4b75b95 \
    --hash=sha256:2a8183b489dc1f7f80f135780fadc1108f14b31b8a40411c7a5b17425f65f28b \
    --hash=sha256:37fdb0d0111f1e2ff07139dfb79f1b49531f8e213c46f1163dd7642979b58c47 \
    --hash=sha256:3f5735ffe4996d28b809371756219f5354864902a3b9e7c0b9ee87041209fc9c \
    --hash=sha256:49e7d93abdbd2990caced757e5fade25302f719c3c8fb6e6fff2dde98999fc41 \
    --hash=sha256:5e34edd123674534acd70147f0ca331eaa2c74e6325fb2028c886aa26ba0b68c \
    --hash=sha256:62598a8a57f815db4c6259a4e97d857dab56697e7de8e8ab02352ab74da1995d \
    --hash=sha256:65c2c3add92b45fd0709db8594536aea39c2a67af0e27ffcf049c498501140b7 \
    --hash=sha256:6ba6a53445bd3cfa809ef3ef5f1589aa6ba08784a1d962bf47d0940e871dab1c \
    --hash=sha256:6e7d61120573a7f2cd94cc095f9e81f6967c61ccdf194285aa143ecec8e0b708 \
    --hash=sha256:7cec5b856506da6defb290f30c9ee687d5f5e8cb0bd3f6459dde43b0b4fa40ef \
    --hash=sha256:80b63928fa35083b33966ce1efb70e5b9607181e49dcd1c22c8c005e319f667f \
    --hash=sha256:82148ec5bddac30b51a5b3c1945075f896fa022cb93f8e4a01e9f6ee95292c5f \
    --hash=sha256:828743d939e9629bc267b8e2d08d8bb67cd4319c771a33d4b18b22dd8fb7440a \
    --hash=sha256:8d89f3976b10b4ce31118de72329025f70d2c6ead14a8217c5514dd2c6d5a78f \
    --hash=sha256:8eb5e1172eb569ea8a872796576e6a67c276351728b6455d5beb01242b027c6a \
    --hash=sha256:900131fafd8aead39ac7dd3a7e833be754c17a95cfd91221636949fe4eb0aa8a \
    --hash=sha256:910d11e1a385c654bf738bf3e6b8e6ed5de0f5610fcae2be9e5b398d8081d20e \
    --hash=sha256:910e1d2668e7de9648f2bcee30e180db2a6b15c30f887d7c4c93ddf96e3992e3 \
    --hash=sha256:9aa87839c383bdbab6ef865787a1fb877af8dd03464c4400322726feaaadfc6d \
    --hash=sha256:a1b30560f2acc95aa8b2e06e716a13dbfc97314747b80d9707e307f77b40d6b3 \
    --hash=sha256:a91296cb61e8df6f86d0c19cc4068228da256bf59bf86049fbd821084565327f \
    --hash=sha256:b42a28c1844fd9de8f3f7d540e36b66f3a9c83fceac7170ebc7a6a19edd9dcae \
    --hash=sha256:bd1c592e4d5974f0d08d4888e432157adba757c66da0246918e43677fafa2d30 \
    --hash=sha256:c87f62a3d3b9888ed0fdde100ec06aa61ca9cd44bad9057d1dff9a516b5f5bb9 \
    --hash=sha256:c99c003e088647b8a5b7c145d6f78c335f6348332b62e142d411c4b63d1460b9 \
    --hash=sha256:ccdc4a71a4dabae05de219404f9f4abc38e3b58422177ff93d0da05967dafa07 \
    --hash=sha256:d24fead1d4d076e1bfb006dcec392074a3cd8d7b4fc8a595aa64073b2b7a96ba \
    --hash=sha256:d58c3db7cd6eed54e6c06744db55456b65ebd7492ddeae9c1e93cfca7aa857d3 \
    --hash=sha256:d764dcf130c428ef66786f866dd750f53182bc608813489915e9fc106bb0c82f \
    --hash=sha256:df2a58a472f332225671c35b0a830208b86d004f82baa8530fa3782c85646533 \
    --hash=sha256:e722f16708d854fe924790e051061f6704a472c3bac347b6fd88033ea8dd0dc5 \
    --hash=sha256:ecfed7367f965a0328cfbdd70da860f15441f002f613185668c6e6ebf5a0ac11 \
    --hash=sha256:eeac2acb5a20ed25e0ad6d1df9891a520b78b404266b6d11778f25d5d691a6c9 \
    --hash=sha256:f59e38625469987d7ef6d495323c55e7db6c212eaf6112267e0d3b565a2e9c9f \
    --hash=sha256:f89831ef99dd7dd169ab06d63a831adb9e20a87aac6d380266bbda5823349169 \
    --hash=sha256:fd9192b7b70c573d7f214eb1ae35e00d359f6f5e4b27c7e21e30de1fc6204645
grpcio==1.83.0 \
    --hash=sha256:009667eaf3dcd5224c713589cdc98e7ca4ed0ff0b61132c6b276e930eb83a2df \
    --hash=sha256:10b3fa0475eb572c9a81a6fe37fa16a9c500c0c91cfc148cac15692b7e3c2867 \
    --hash=sha256:1aa567f8c3f19850ffd5d2858c9a8ea7c80f0db6c01186b71eb31e923ec984f5 \
    --hash=sha256:1c699bbb20f143c8f2bff219de578aa2dc1f919399d67dc702b038b986ee62df \
    --hash=sha256:28f6c35ac8fcf10e4594f138e468f194360089dde40d126a7033e863fc479930 \
    --hash=sha256:2b5e75c34842cd9c1b95285ca395c6a569664b81e3ffa6b714125922942abaaf \
    --hash=sha256:2bb48cb5e6dd005ca12b89ce4b6ac0b48ff3112c747542ee7986ef611a8ca6d9 \
    --hash=sha256:32e11c37f5285b0c6fa3042c05fe06903696689749833fc64e67dec71b9bbe33 \
    --hash=sha256:33898e6a28e4ae598f1577cb1c4fec2a15c033d0ec52b9b45a09610dd045b9da \
    --hash=sha256:35a5b1c192496b6c25956eebfa963468935612206fd2543ac3ce981e6a5e0f03 \
    --hash=sha256:3f351629f6ae16ecc0ec3553e586a6763ffd9f6114044286d0cbec3e09241bfa \
    --hash=sha256:4772402f43517b4824980be4b3b2274a81eec0004a70009473c31b340d43e223 \
    --hash=sha256:4e3eedfc92b6b9f2960115e7e620cf0cbf80bb7849a51ce3820dc54dfd88b6b9 \
    --hash=sha256:4fcaa7c45c45b4a89e2867d1f1785d9481a788399d915e341ed2eb49aeef9dd4 \
    --hash=sha256:5882c1a721b50ce0123ee5e839e1ab059ad72a7ade76cdf2d5bd833b56791acf \
    --hash=sha256:5f20a988480b0f28207f057f7f7ae1313393c3cef0adcfeae8248f9947eaf881 \
    --hash=sha256:61007cd08640abc5c54547ee32505474c482cd733a53cb87551ea81faa6350af \
    --hash=sha256:62003babc444a606dcd1f009cd16391ce23669ae4ad6ec267a873da7937a69f5 \
    --hash=sha256:6662f3b1e07cc7493d437351860dc867bddc6a93c83ecf33bbfdaf0c217ab2d0 \
    --hash=sha256:6755ed67cc3e454d51ae9f6e1915b80d3942fa4de956ef48dacd45ab7f40b727 \
    --hash=sha256:6b6c666a1d5613ff360c9e90f44665e3a88b25a815209ddbc0917eec281931cb \
    --hash=sha256:6be5c807b717be3dd649446f021301fd7907e376318675d2147823071034112a \
    --hash=sha256:6e01ecd9d8ef280abe1365138a4dc318f9a5287f4cb1b41d07816f796653f735 \
    --hash=sha256:6fb8a1dd0c6f0f931e69e9d0dc6d1c406ed2a44fa963414eafba07b7fb685d16 \
    --hash=sha256:7416952ca770477990257206276999056f8316d79196f2f25942393e58a20b49 \
    --hash=sha256:74fe6f9e8a35c7dbf32255ee154d15e3e5338a81ed39173d079d594d2e544cd1 \
    --hash=sha256:7674587248fbbb2ac6e4eecf83a8a0f3d91a928f941de571acfd3a2f007fbc24 \
    --hash=sha256:7936f2a56cf04f6514705c0fedf400971de01b6aa1719327e4718f410a765e2b \
    --hash=sha256:7bd82671b39065ba18cd536e9cd45b27ff649053f81ddd2c6a966d595067080f \
    --hash=sha256:8f6c395e493d20c39b29392ca200e9aaeb78d0bc2f04db0c0a7da7ddc939aa57 \
    --hash=sha256:8fe04f1050a59f875601eb55d42b4f66946fe89817f967e34db1462ccd07dadf \
    --hash=sha256:8ff0b8767ddd62704e0d9571c1890af08d84a3a689ebba1807e62519d0b3277f \
    --hash=sha256:a21cb4eeeba124443f399be2e8b624943cde864dcbe588cb42e5c483a52a906c \
    --hash=sha256:aa074041231f03959cb097dd5517b0677b8ea49215bae01d5710a7b69dd59969 \
    --hash=sha256:aeb339838db07600481ef869507279b75326c75eac6d10f7afa62a0da1d2bcdd \
    --hash=sha256:b0a0be840e51b6b7ee9df9269770faf77bdf4b771053c257c21d12bad607714c \
    --hash=sha256:bb669918fd88936b15599caff4160a77ab74bdeb25f2231f6e45b61282d6107b \
    --hash=sha256:bc60215b5cb9fc8ca72942c498b551ac2305bd08f6ef8d4e3f0d21b64fbecd61 \
    --hash=sha256:c19b454d3d3f28db81f2c7c4dbaee96e7f6fd149721733ffe79d6bc530f17404 \
    --hash=sha256:c6444666317338e903093c7c756e6cc88eee59f798cb8dd41e87725bf54e1617 \
    --hash=sha256:c834e86d8fd2f03d7e4db49a027f7c5b89c5b88eed305543a5295bd6fee61e40 \
    --hash=sha256:cb056f6e171c42639a50460b2929c82241fda51f71cf3dcdd68090fe45095a45 \
    --hash=sha256:cb2906c61db4f9c64cc360054b5df70eeb81846228e9e56a4944bd415a63dadc \
    --hash=sha256:d05ff664100d429335b93c91b8b34ddf9e94a112205e7fa06dede309e44a4e4c \
    --hash=sha256:ee94a4016fdf8699fb1fd8a38652475ff677f1c72074cee44deeeb9a7e95e745 \
    --hash=sha256:f1c3e5689d4b90987b1d72022bcfe866a9a3dc66197484cf856d96b6150e7f45 \
    --hash=sha256:f47d62808b4c0a97b78bff88a6d4ca283a2a492b9a04a87d814af95ca3b9c19c \
    --hash=sha256:f4cee5fc86e84a0cf7ad1574b454c3320e087c07f55b7df5dc0ac6a873fb90c0 \
    --hash=sha256:f5e822a7e7d03282f6ad225e710493c48b9057a353358344a5f7c42b2b37618d \
    --hash=sha256:f5f410d7c2903eabb34789dfd6342eef04af1ad459943936b7e09a9f5bd417b9 \
    --hash=sha256:fba099b716e73512d61b97f71ea3c31a72abb36904036e316bf4dd148ca8dcc8
jsonschema==4.26.0 \
    --hash=sha256:0c26707e2efad8aa1bfc5b7ce170f3fccc2e4918ff85989ba9ffa9facb2be326 \
    --hash=sha256:d489f15263b8d200f8387e64b4c3a75f06629559fb73deb8fdfb525f2dab50ce
jsonschema-specifications==2025.9.1 \
    --hash=sha256:98802fee3a11ee76ecaca44429fda8a41bff98b00a0f2838151b113f210cc6fe \
    --hash=sha256:b540987f239e745613c7a9176f3edb72b832a4ac465cf02712288397832b5e8d
pem==23.1.0 \
    --hash=sha256:06503ff2441a111f853ce4e8b9eb9d5fedb488ebdbf560115d3dd53a1b4afc73 \
    --hash=sha256:78bbb1e75b737891350cb9499cbba31da5d59545f360f44163c0bc751cad55d3
protobuf==7.35.1 \
    --hash=sha256:11d6b0ec246892d85215b0a13ca6e0233cf5284b68f0ac02646427f4ff88a799 \
    --hash=sha256:230a75ddfc2de4806e56696ce9640c1cdfdb6543b7cfce98d42a4c0a0e7bdb87 \
    --hash=sha256:24f857477359a85c0c235261b8ba905fd51b2562f4a64ca1df5473f29850cbf6 \
    --hash=sha256:353652e4efd0bca5b5fc2656abf8307ef351f0cf938c9eba09f0e09c20a25c30 \
    --hash=sha256:4bc97768d8fe4ad6743c8a19403e314511ed9f6d13205b687e52421c023ac1b9 \
    --hash=sha256:74758715c53d7158fb76caf4f0cfdacc5329a4b1bb994f865d6cf302d413a1c4 \
    --hash=sha256:b73f9489a4b8b1c9cb1f8ed951c736392592edb24b9d6819f36d2e10b171d5b4 \
    --hash=sha256:ce115a26fe0c39a2c29973d914d327e516a6455464489fe3cd1e51a1b354f81a
psutil==6.1.1 \
    --hash=sha256:0bdd4eab935276290ad3cb718e9809412895ca6b5b334f5a9111ee6d9aff9377 \
    --hash=sha256:33431e84fee02bc84ea36d9e2c4a6d395d479c9dd9bba2376c1f6ee8f3a4e0b3 \
    --hash=sha256:384636b1a64b47814437d1173be1427a7c83681b17a450bfc309a1953e329603 \
    --hash=sha256:8be07491f6ebe1a693f17d4f11e69d0dc1811fa082736500f649f79df7735303 \
    --hash=sha256:97f7cb9921fbec4904f522d972f0c0e1f4fabbdd4e0287813b21215074a0f160 \
    --hash=sha256:b6e06c20c05fe95a3d7302d74e7097756d4ba1247975ad6905441ae1b5b66003 \
    --hash=sha256:cf8496728c18f2d0b45198f06895be52f36611711746b7f30c464b422b50e2f5 \
    --hash=sha256:eaa912e0b11848c4d9279a93d7e2783df352b082f40111e078388701fd479e53 \
    --hash=sha256:f35cfccb065fff93529d2afb4a2e89e363fe63ca1e4a5da22b603a85833c2649 \
    --hash=sha256:fc0ed7fe2231a444fc219b9c42d0376e0a9a1a72f16c5cfa0f68d19f1a0663e8
pyasn1==0.6.4 \
    --hash=sha256:9c447d8431c947fe4c8febc4ed9e760bc29011a5b01e5c74b67025bd9fb8ce81 \
    --hash=sha256:deda9277cfd454080ec40b207fb6df82206a3a2688735233cdcd8d3d565f088b
pyasn1-modules==0.4.2 \
    --hash=sha256:29253a9207ce32b64c3ac6600edc75368f98473906e8fd1043bd6b5b1de2c14a \
    --hash=sha256:677091de870a80aae844b1ca6134f54652fa2c8c5a52aa396440ac3106e941e6
pycparser==3.0 \
    --hash=sha256:600f49d217304a5902ac3c37e1281c9fe94e4d0489de643a9504c5cdfdfc6b29 \
    --hash=sha256:b727414169a36b7d524c1c3e31839a521725078d7b2ff038656844266160a992
pyjwt==2.13.0 \
    --hash=sha256:41571c89ca91598c79e8ef18a2d07367d4810fbbd6f637794879baf1b7703423 \
    --hash=sha256:66adcc2aff09b3f1bbd95fc1e1577df8ac8723c978552fd43304c8a290ac5728
referencing==0.37.0 \
    --hash=sha256:381329a9f99628c9069361716891d34ad94af76e461dcb0335825aecc7692231 \
    --hash=sha256:44aefc3142c5b842538163acb373e24cce6632bd54bdb01b21ad5863489f50d8
rfc8785==0.1.4 \
    --hash=sha256:520d690b448ecf0703691c76e1a34a24ddcd4fc5bc41d589cb7c58ec651bcd48 \
    --hash=sha256:e545841329fe0eee4f6a3b44e7034343100c12b4ec566dc06ca9735681deb4da
rpds-py==2026.6.3 \
    --hash=sha256:0be972be84cfcaf46c8c6edf690ca0f154ac17babf1f6a955a51579b34ad2dc5 \
    --hash=sha256:127565fead0a10943b282957bd5447804ff3160ad79f2ad2635e6d249e380680 \
    --hash=sha256:127e08c0642d880cf32ca47ec2a4a77b901f7e2dd1ad9762adb13955d72ffcc9 \
    --hash=sha256:166cf54d9f44fc6ceb53c7860258dde44a81406646de79f8ed3234fca3b6e538 \
    --hash=sha256:168c733a7112e071bb7a66460e667edfcff06c017a3c523f7a8a8e08d0140804 \
    --hash=sha256:1967debc37f64f2c4dc90a7f563aec558b471966e12adcac4e1c4240496b6ebf \
    --hash=sha256:1cebd1337c242e4ec2293e541f712b2da849b29f48f0c293684b71c0632625d4 \
    --hash=sha256:1cf01971c4f2c5553b772a542e4aaf191789cd331bc2cd4ff0e6e65ba49e1e97 \
    --hash=sha256:1e5822dfc2f0d4ab7e745eaa6d85945069329beeccef965af3f3bb26058fcab6 \
    --hash=sha256:22bffe6042b9bcb0822bcd1955ec00e245daf17b4344e4ed8e9551b976b63e96 \
    --hash=sha256:23a439f31ccbeff1574e24889128821d1f7917470e830cf6544dced1c662262a \
    --hash=sha256:24e9c5386e16669b674a69c156c8eeefcb578f3b3397b713b08e6d60f3c7b187 \
    --hash=sha256:270b293dae9058fc9fcedab50f13cebf46fb8ed1d1d54e0521a9da5d6b211975 \
    --hash=sha256:29dfa0533a5d4c94d4dfa1b694fcb56c9c63aad8330ffdd816fd225d0a7a162f \
    --hash=sha256:2a9c6f195058cb45335e8cc3802745c603d716eb96bc9625950c1aac71c0c703 \
    --hash=sha256:2bfd04c19ddbd6640de0b51894d764bd2758854d5b75bd102d2ef10cb9c293a9 \
    --hash=sha256:2c54a076ca4d370980ab57bc0e31df57bbe8d41340436a90ef8b1219a3cbb127 \
    --hash=sha256:2c958bf94822e9290a40aaf2a822d4bc5c88099093e3948ad6c571eca9272e5f \
    --hash=sha256:2c99f7e8ccb3dd6e3e4bfeac657a7b208c9bac8075f4b078c02d7404c34107fa \
    --hash=sha256:2f7c26fbc5acd2522b95d4177fe4710ffd8e9b20529e703ffbf8db4d93903f05 \
    --hash=sha256:30c6dc199b24a5e3e81d50da0f00858c5bbdb2617a750395687f4339c5818171 \
    --hash=sha256:38a2fea2787428f811719ceb9114cb78964a3138838320c29ac39526c79c16ba \
    --hash=sha256:3a83ae6c67b7676b9878378547ca8e93ed77a580037bcbcd1d32f739e1e6089c \
    --hash=sha256:3cfe765c1da0072636ca06628261e0ea05688e160d5c8a03e0217c3854037223 \
    --hash=sha256:421aba32367055614287a4292b6a17f1939c9452299f7a0209c117e990b646d4 \
    --hash=sha256:425560c6fa0415f27261727bb20bd097568485e5eb0c121f1949417d1c516885 \
    --hash=sha256:4470ce197d4090875cf6affbf1f853338387428df97c4fb7b7106317b8214698 \
    --hash=sha256:4cf2d36a2357e4d07bb5a4f98801265327b48256867816cfd2ceb001e9754a8f \
    --hash=sha256:4f4bca01b63096f606e095734dd56e74e175f94cfbf24ff3d63281cec61f7bb7 \
    --hash=sha256:501f9f04a588d6a09179368c57071301445191767c64e4b52a6aa9871f1ef5ed \
    --hash=sha256:536bceea4fa4acf7e1c61da2b5786304367c816c8895be71b8f537c480b0ea1f \
    --hash=sha256:538949e262e46caa31ac01bdb3c1e8f642622922cacbabbae6a8445d9dc33eaf \
    --hash=sha256:539d75de9e0d536c84ff18dfeb805398e58227001ce09231a26a08b9aed1ee0e \
    --hash=sha256:54f45a148e28767bf343d33a684693c70e451c6f4c0e9904709a723fafbdfc1f \
    --hash=sha256:55927d532399c2c646100ff7feb48eaa940ad70f42cd68e1328f3ded9f81ca24 \
    --hash=sha256:58eadac9cd119677b60e1cf8ac4052f35949d71b8a9e5556efccbe82533cf22a \
    --hash=sha256:5e8d07bddee435a2ff6f1920e18feff28d0bc4533e42f4bf6927fbd073312c41 \
    --hash=sha256:62698275682bf121181861295c9181e789030a2d516071f5b8f3c23c170cd0fc \
    --hash=sha256:639c8929aa0afe81be836b04de888460d6bed38b9c54cfc18da8f6bfabf5af5d \
    --hash=sha256:67e3a721ffc5d8d2210d3671872298c4a84e4b8035cfe42ffd7cde35d772b146 \
    --hash=sha256:6de4744d05bd1aa1be4ed7ea1189e3979196808008113bbbf899a460966b925e \
    --hash=sha256:6e84adbcf4bf841aed8116a8264b9f50b4cb3e7bd89b516122e616ac56ca269e \
    --hash=sha256:7491ee23305ac3eb59e492b6945881f5cd77a6f731061a3f25b77fd40f9e99a4 \
    --hash=sha256:79486287de1730dbaff3dbd124d0ca4d2ef7f9d29bf2544f1f93c09b5bcbbd12 \
    --hash=sha256:7b689145a1485c335569bd056464f3243a29af7ed3871c7be31ad624ba239bc7 \
    --hash=sha256:7f88d653e7b3b779d71ae7454e20dcc9b6bae903f33c269db9f2be41bda3f261 \
    --hash=sha256:8020133a74bd81b4572dd8e4be028a6b1ebcd70e6726edc3918008c08bee6ee6 \
    --hash=sha256:808345f53cb952433ca2816f1604ff3515608a81784954f38d4452acfe8e61d5 \
    --hash=sha256:83e35b57523816c8613fd0776b40cd8bb9f596b37ddd2692eb4a6bb5ab2f8c93 \
    --hash=sha256:842e7b070435622248c7a2c44ae53fa1440e073cc3023bc919fed570884097a7 \
    --hash=sha256:847927daf4cffbd4e90e42bc890069897101edd015f956cb8721b3473372edda \
    --hash=sha256:882076c00c0a608b131187055ddc5ae29f2e7eaf870d6168980420d58528a5c8 \
    --hash=sha256:8b95977e7211527ab0ba576e286d023389fbeeb32a6b7b771665d333c60e5342 \
    --hash=sha256:8bb68f03f395eb793220b45c097bd4d8c32944393da0fad8b999efac0868fc8c \
    --hash=sha256:8c2642a7603ec0b16ed77da4555db3b4b472341904873788327c0b0d7b95f1bb \
    --hash=sha256:8c3d1e9c15b9d51ca0391e13da1a25a0a4df3c58a37c9dc368e0736cf7f69df0 \
    --hash=sha256:8c6e5a2f750cc71c3e3b11d71661f21d6f9bc6cebc6564b1466417a1ec03ec77 \
    --hash=sha256:8d2294a31386bfa251d8c8a39472beee17db67d4f1a6eabea665d35c9a4461c3 \
    --hash=sha256:8e4320744c1ffdd95a603def63344bfab2d33edeab301c5007e7de9f9f5b3885 \
    --hash=sha256:8e65860d238379ed982fd9ba690579b5e95af2f4840f99c772816dbe573cb826 \
    --hash=sha256:8f2e5c5ee828d42cb11760761c0af6507927bec42d0ad5458f97c9203b054617 \
    --hash=sha256:900a67df3fd1660b035a4761c4ce73c382ea6b35f90f9863c36c6fd8bf8b09bb \
    --hash=sha256:913ca42ccad3f8cc6e292b587ae8ae49c8c823e5dce51a736252fc7c7cdfa577 \
    --hash=sha256:9250a9a0a6fd4648b3f868da8d91a4c52b5811a62df58e753d50ae4454a36f80 \
    --hash=sha256:931908d9fc855d8f74783377822be318edb6dcb19e47169dc038f9a1bf60b06e \
    --hash=sha256:9826217f048f620d9a712672818bf231442c1b35d96b227a07eabd11b4bb6945 \
    --hash=sha256:9891e594296ab9dada6551c8e7b387b2721f27a67eecd528412e8906247a7b90 \
    --hash=sha256:9c1255b302953c86a486b81d330d5ee1d5bd937691ce271b6be0ef0e299eaab7 \
    --hash=sha256:a0811d33247c3d6128a3001d763f2aa056bb3425204335400ac54f89eec3a0d0 \
    --hash=sha256:a136d453475ac0fcbda502ef1e6504bd28d6d904700915d278deeab0d00fe140 \
    --hash=sha256:a214c993455f99a89aaeadc9b21241900037adc9d97203e374d75513c5911822 \
    --hash=sha256:a3086b538543802f84c843911242db20447de00d8752dd0efc936dbcf02218ba \
    --hash=sha256:a3450b693fde92133e9f51060568a4c31fcca76d5e53bbd611e689ca446517e9 \
    --hash=sha256:a550fb4950a06dde3beb4721f5ad4b25bf4513784665b0a8522c792e2bd822a4 \
    --hash=sha256:a9f4645593036b81bbdb36b9c8e0ea0d1c3fee968c4d59db0344c14087ef143a \
    --hash=sha256:aca6c1ef08a82bfe327cc156da694660f599923e2e6665b6d81c9c2d0ac9ffc8 \
    --hash=sha256:acac386b453c2516111b50985d60ce46e7fadb5ea71ae7b25f4c946935bf27cf \
    --hash=sha256:acc992ab27b15f852c76755eb2ab7dce86585ddadba6fa5946e58556088845b4 \
    --hash=sha256:ae3d4fe8c0b9213624fdce7279d70e3b148b682ca20719ebd193a23ebfa47324 \
    --hash=sha256:ae50181a047c871561212bb97f7932a2d45fb53e947bd9b57ebad85b529cbc53 \
    --hash=sha256:ae6dd8f10bd17aad820876d24caec9efdafd80a318d16c0a48edb5e136902c6b \
    --hash=sha256:af05d726809bff6b141be124d4c7ce998f9c9c7f30edb1f46c07aa103d540b41 \
    --hash=sha256:afd70d95892096cdb26f15a00c45907b17817577aa8d1c76b2dcc2788391f9e9 \
    --hash=sha256:b5c2dc92304aa48a4a60443b548bb12f12e119d4b72f314015e67b9e1be97fca \
    --hash=sha256:bc0011654b91cc4fb2ae701bec0a0ba1e552c0714247fa7af6c59e0ccfa3a4e1 \
    --hash=sha256:bcfbcf66006befb9fd2aeaa9e01feaf881b4dc330a02ba07d2322b1c11be7b5d \
    --hash=sha256:bdbd97738551fca3917c1bd7188bec1920bb520104f28e7e1007f9ceb17b7690 \
    --hash=sha256:c60924535c75f1566b6eb75b5c31a48a43fef04fa2d0d201acbad8a9969c6107 \
    --hash=sha256:c7b9a2f8f4d8e90af72571d3d495deebdd7e3c75451f5b41719aee166e940fc2 \
    --hash=sha256:ca6546b66be9dc4738b1b043d5ebd5488c66c578c5ff0fd0e8065313fe3afb76 \
    --hash=sha256:ccffae9a092a00deb7efd545fe5e2c33c33b88e7c054337e9a74c179347d0b7d \
    --hash=sha256:cdc7e35386f3847df728fbcb5e887e2d79c19e2fa1eba9e51b6621d23e3243af \
    --hash=sha256:d15fde0e6fb0d88a60d221204873743e5d9f0b7d29165e62cd86d0413ad74ba6 \
    --hash=sha256:d34c20167764fbcf927194d532dd7e0c56772f0a5f943fa5ef9e9afbba8fb9db \
    --hash=sha256:d483fe17f01ad64b7bf7cc38fcefff1ca9fb83f8c2b2542b68f97ffe0611b369 \
    --hash=sha256:d7469697dce35be237db177d42e2a2ee26e6dcc5fc052078a6fefabd288c6edd \
    --hash=sha256:db08f45aecde626498fb3df07bcf6d2ec040af42e859a4f5040d79c200342911 \
    --hash=sha256:dc319e5a1de4b6913aac94bf6a2f9e847371e0a140a43dd4991db1a09bc2d504 \
    --hash=sha256:de3eceba0b683bcbb1ab93da016d0270df1f9ae7be716b40214c5dafac6ea45a \
    --hash=sha256:dfcc8b909769d19db55c7cc9541eb64b9b774b1057ffffb4f1048070475bb9f9 \
    --hash=sha256:e059c5dde6452b44424bd1834557556c226b57781dee1227af23518459722b13 \
    --hash=sha256:e4316bf32babbed84e691e352faf967ce2f0f024174a8643c37c94a1080374fc \
    --hash=sha256:e52655eaf81e32593abedaa4bfe33170c8cfedf3365ed9be6e11e07f148f0278 \
    --hash=sha256:e55d236be29255554da47abe5c577637db7c24a02b8b46f0ca9524c855801868 \
    --hash=sha256:ea7bb13b7c9a29791f87a0387ba7d3ad3a6d783d827e4d3f27b40a0ff44495e2 \
    --hash=sha256:ea964164cc9afa72d4d9b23cc28dafae93693c0a53e0b42acbff15b22c3f9ddd \
    --hash=sha256:ec829541c45bca16e61c7ae50c20501f213605beb75d1aba91a6ee37fbbb56a4 \
    --hash=sha256:ecabd69db66de867690f9797f2f8fa27ba501bbc24540cbdbdc649cd15888ba6 \
    --hash=sha256:ed0c1e5d10cdc7135537988c74a0188da68e2f3c30813ba3744ab1e42e0480f9 \
    --hash=sha256:f0840b5b17057f7fd918b76183a4b5a0635f43e14eb2ce60dce1d4ee4707ea00 \
    --hash=sha256:f4d78253f6996be4901669ad25319f842f740eccf4d58e3c7f3dd39e6dde1d8f \
    --hash=sha256:f56f1695bc5c0871cbc33dc0130fcf503aab0c57dcc5a6700a4f49eba4f2652e \
    --hash=sha256:f826877d462181e5eb1c26a0026b8d0cab05d99844ecb6d8bf3627a2ca0c0442 \
    --hash=sha256:f8f23ead891a3b762f35ab3b04623da7056545b48aa60d59957e6789914545da \
    --hash=sha256:f90938e92afda60266da758ee7d363447f7f0138c9559f9e1811629580582d90 \
    --hash=sha256:faa679d19a6696fd54259ad321251ad77a13e70e03dd834daa762a44fb6196ef
spiffe==0.3.1 \
    --hash=sha256:61ce83f4af7d41fed1e68f8c67081f169c963a8640a6abc813a7752f7aabbcaf \
    --hash=sha256:f5d0e7c7a517c270296ec17c7d03a7737fa2ea9ff2dc8bb79e94e8fffcbd165d
typing-extensions==4.16.0 \
    --hash=sha256:481caa481374e813c1b176ada14e97f1f67a4539ce9cfeb3f350d78d6370c2e8 \
    --hash=sha256:dc983d19a509c94dba722ee6abd33940f7c05a89e243c47e907eb4db6f1a43e5
